
Microsoft Visual Studio Solution File, Format Version 12.00
# Visual Studio Version 16
VisualStudioVersion = 16.0.31205.134
MinimumVisualStudioVersion = 10.0.40219.1
Project("{9A19103F-16F7-4668-BE54-9A1E7A4F7556}") = "CalculatorTestApp", "CalculatorTestApp\CalculatorTestApp.csproj", "{601BA98B-8388-464D-ABF6-AF3A9D4404C1}"
EndProject
Project("{9A19103F-16F7-4668-BE54-9A1E7A4F7556}") = "CalculatorLogic", "CalculatorLogic\CalculatorLogic.csproj", "{D7ABA4FA-9EB0-41AF-8835-A6EB5F19948D}"
EndProject
Project("{FAE04EC0-301F-11D3-BF4B-00C04F79EFBC}") = "SharpikLogic", "SharpikLogic\SharpikLogic.csproj", "{1B662EA5-93BA-4C2B-A75B-F8F2A66210D5}"
EndProject
Project("{FAE04EC0-301F-11D3-BF4B-00C04F79EFBC}") = "SharpikTestApp", "SharpikTestApp\SharpikTestApp.csproj", "{9FFB04FE-1DD5-4D15-85AA-ED8C144220AA}"
EndProject
Global
	GlobalSection(SolutionConfigurationPlatforms) = preSolution
		Debug|Any CPU = Debug|Any CPU
		Release|Any CPU = Release|Any CPU
	EndGlobalSection
	GlobalSection(ProjectConfigurationPlatforms) = postSolution
		{601BA98B-8388-464D-ABF6-AF3A9D4404C1}.Debug|Any CPU.ActiveCfg = Debug|Any CPU
		{601BA98B-8388-464D-ABF6-AF3A9D4404C1}.Debug|Any CPU.Build.0 = Debug|Any CPU
		{601BA98B-8388-464D-ABF6-AF3A9D4404C1}.Release|Any CPU.ActiveCfg = Release|Any CPU
		{601BA98B-8388-464D-ABF6-AF3A9D4404C1}.Release|Any CPU.Build.0 = Release|Any CPU
		{D7ABA4FA-9EB0-41AF-8835-A6EB5F19948D}.Debug|Any CPU.ActiveCfg = Debug|Any CPU
		{D7ABA4FA-9EB0-41AF-8835-A6EB5F19948D}.Debug|Any CPU.Build.0 = Debug|Any CPU
		{D7ABA4FA-9EB0-41AF-8835-A6EB5F19948D}.Release|Any CPU.ActiveCfg = Release|Any CPU
		{D7ABA4FA-9EB0-41AF-8835-A6EB5F19948D}.Release|Any CPU.Build.0 = Release|Any CPU
		{1B662EA5-93BA-4C2B-A75B-F8F2A66210D5}.Debug|Any CPU.ActiveCfg = Debug|Any CPU
		{1B662EA5-93BA-4C2B-A75B-F8F2A66210D5}.Debug|Any CPU.Build.0 = Debug|Any CPU
		{1B662EA5-93BA-4C2B-A75B-F8F2A66210D5}.Release|Any CPU.ActiveCfg = Release|Any CPU
		{1B662EA5-93BA-4C2B-A75B-F8F2A66210D5}.Release|Any CPU.Build.0 = Release|Any CPU
		{9FFB04FE-1DD5-4D15-85AA-ED8C144220AA}.Debug|Any CPU.ActiveCfg = Debug|Any CPU
		{9FFB04FE-1DD5-4D15-85AA-ED8C144220AA}.Debug|Any CPU.Build.0 = Debug|Any CPU
		{9FFB04FE-1DD5-4D15-85AA-ED8C144220AA}.Release|Any CPU.ActiveCfg = Release|Any CPU
		{9FFB04FE-1DD5-4D15-85AA-ED8C144220AA}.Release|Any CPU.Build.0 = Release|Any CPU
	EndGlobalSection
	GlobalSection(SolutionProperties) = preSolution
		HideSolutionNode = FALSE
	EndGlobalSection
	GlobalSection(ExtensibilityGlobals) = postSolution
		SolutionGuid = {60B372EF-183B-4983-B6C0-3B480BAA14C9}
	EndGlobalSection
EndGlobal
