
Microsoft Visual Studio Solution File, Format Version 12.00
# Visual Studio Version 16
VisualStudioVersion = 16.0.31205.134
MinimumVisualStudioVersion = 10.0.40219.1
Project("{9A19103F-16F7-4668-BE54-9A1E7A4F7556}") = "LibrarianLogic", "LibrarianLogic\LibrarianLogic.csproj", "{F407CB1F-05EC-424D-9F34-052937DE0AC7}"
EndProject
Project("{FAE04EC0-301F-11D3-BF4B-00C04F79EFBC}") = "LibrarianTestApp", "LibrarianTestApp\LibrarianTestApp.csproj", "{C274B72C-FECF-49E3-9265-E96B98FBDF44}"
EndProject
Global
	GlobalSection(SolutionConfigurationPlatforms) = preSolution
		Debug|Any CPU = Debug|Any CPU
		Release|Any CPU = Release|Any CPU
	EndGlobalSection
	GlobalSection(ProjectConfigurationPlatforms) = postSolution
		{F407CB1F-05EC-424D-9F34-052937DE0AC7}.Debug|Any CPU.ActiveCfg = Debug|Any CPU
		{F407CB1F-05EC-424D-9F34-052937DE0AC7}.Debug|Any CPU.Build.0 = Debug|Any CPU
		{F407CB1F-05EC-424D-9F34-052937DE0AC7}.Release|Any CPU.ActiveCfg = Release|Any CPU
		{F407CB1F-05EC-424D-9F34-052937DE0AC7}.Release|Any CPU.Build.0 = Release|Any CPU
		{C274B72C-FECF-49E3-9265-E96B98FBDF44}.Debug|Any CPU.ActiveCfg = Debug|Any CPU
		{C274B72C-FECF-49E3-9265-E96B98FBDF44}.Debug|Any CPU.Build.0 = Debug|Any CPU
		{C274B72C-FECF-49E3-9265-E96B98FBDF44}.Release|Any CPU.ActiveCfg = Release|Any CPU
		{C274B72C-FECF-49E3-9265-E96B98FBDF44}.Release|Any CPU.Build.0 = Release|Any CPU
	EndGlobalSection
	GlobalSection(SolutionProperties) = preSolution
		HideSolutionNode = FALSE
	EndGlobalSection
	GlobalSection(ExtensibilityGlobals) = postSolution
		SolutionGuid = {9D2BD31E-B4A0-44DC-94EF-57B8DD8B2FE6}
	EndGlobalSection
EndGlobal
