
Microsoft Visual Studio Solution File, Format Version 12.00
# Visual Studio Version 16
VisualStudioVersion = 16.0.31229.75
MinimumVisualStudioVersion = 10.0.40219.1
Project("{FAE04EC0-301F-11D3-BF4B-00C04F79EFBC}") = "LibrarianLogicDat", "LibrarianLogicDat\LibrarianLogicDat.csproj", "{15DE4D67-B341-4FEA-AFCF-BB986F246EE1}"
EndProject
Project("{FAE04EC0-301F-11D3-BF4B-00C04F79EFBC}") = "SharpikLogicXML", "SharpikLogicXML\SharpikLogicXML.csproj", "{D9272DAA-4FC5-43EE-BB49-B7F7C0827FC8}"
EndProject
Project("{FAE04EC0-301F-11D3-BF4B-00C04F79EFBC}") = "LibrarianTestAppDat", "LibrarianTestAppDat\LibrarianTestAppDat.csproj", "{0439648E-3F90-406E-A384-FBE41E1208F0}"
EndProject
Project("{FAE04EC0-301F-11D3-BF4B-00C04F79EFBC}") = "SharpikTestAppXML", "SharpikTestAppXML\SharpikTestAppXML.csproj", "{C10C173A-E65F-4819-B546-A52EC78F4042}"
EndProject
Global
	GlobalSection(SolutionConfigurationPlatforms) = preSolution
		Debug|Any CPU = Debug|Any CPU
		Release|Any CPU = Release|Any CPU
	EndGlobalSection
	GlobalSection(ProjectConfigurationPlatforms) = postSolution
		{15DE4D67-B341-4FEA-AFCF-BB986F246EE1}.Debug|Any CPU.ActiveCfg = Debug|Any CPU
		{15DE4D67-B341-4FEA-AFCF-BB986F246EE1}.Debug|Any CPU.Build.0 = Debug|Any CPU
		{15DE4D67-B341-4FEA-AFCF-BB986F246EE1}.Release|Any CPU.ActiveCfg = Release|Any CPU
		{15DE4D67-B341-4FEA-AFCF-BB986F246EE1}.Release|Any CPU.Build.0 = Release|Any CPU
		{D9272DAA-4FC5-43EE-BB49-B7F7C0827FC8}.Debug|Any CPU.ActiveCfg = Debug|Any CPU
		{D9272DAA-4FC5-43EE-BB49-B7F7C0827FC8}.Debug|Any CPU.Build.0 = Debug|Any CPU
		{D9272DAA-4FC5-43EE-BB49-B7F7C0827FC8}.Release|Any CPU.ActiveCfg = Release|Any CPU
		{D9272DAA-4FC5-43EE-BB49-B7F7C0827FC8}.Release|Any CPU.Build.0 = Release|Any CPU
		{0439648E-3F90-406E-A384-FBE41E1208F0}.Debug|Any CPU.ActiveCfg = Debug|Any CPU
		{0439648E-3F90-406E-A384-FBE41E1208F0}.Debug|Any CPU.Build.0 = Debug|Any CPU
		{0439648E-3F90-406E-A384-FBE41E1208F0}.Release|Any CPU.ActiveCfg = Release|Any CPU
		{0439648E-3F90-406E-A384-FBE41E1208F0}.Release|Any CPU.Build.0 = Release|Any CPU
		{C10C173A-E65F-4819-B546-A52EC78F4042}.Debug|Any CPU.ActiveCfg = Debug|Any CPU
		{C10C173A-E65F-4819-B546-A52EC78F4042}.Debug|Any CPU.Build.0 = Debug|Any CPU
		{C10C173A-E65F-4819-B546-A52EC78F4042}.Release|Any CPU.ActiveCfg = Release|Any CPU
		{C10C173A-E65F-4819-B546-A52EC78F4042}.Release|Any CPU.Build.0 = Release|Any CPU
	EndGlobalSection
	GlobalSection(SolutionProperties) = preSolution
		HideSolutionNode = FALSE
	EndGlobalSection
	GlobalSection(ExtensibilityGlobals) = postSolution
		SolutionGuid = {DB30BFC1-9109-4EE4-A6BD-3E81AF95C874}
	EndGlobalSection
EndGlobal
