
Microsoft Visual Studio Solution File, Format Version 12.00
# Visual Studio Version 16
VisualStudioVersion = 16.0.31229.75
MinimumVisualStudioVersion = 10.0.40219.1
Project("{9A19103F-16F7-4668-BE54-9A1E7A4F7556}") = "LibrarianTestApp", "..\LibrarianThirdThemeSolution\LibrarianTestApp\LibrarianTestApp.csproj", "{A5AAC90F-CFA2-49E9-A930-11A6AB2406B7}"
EndProject
Project("{9A19103F-16F7-4668-BE54-9A1E7A4F7556}") = "LibrarianLogic", "..\LibrarianThirdThemeSolution\LibrarianLogic\LibrarianLogic.csproj", "{4D9139ED-19F6-473B-9B04-CE7C404ECE49}"
EndProject
Global
	GlobalSection(SolutionConfigurationPlatforms) = preSolution
		Debug|Any CPU = Debug|Any CPU
		Release|Any CPU = Release|Any CPU
	EndGlobalSection
	GlobalSection(ProjectConfigurationPlatforms) = postSolution
		{A5AAC90F-CFA2-49E9-A930-11A6AB2406B7}.Debug|Any CPU.ActiveCfg = Debug|Any CPU
		{A5AAC90F-CFA2-49E9-A930-11A6AB2406B7}.Debug|Any CPU.Build.0 = Debug|Any CPU
		{A5AAC90F-CFA2-49E9-A930-11A6AB2406B7}.Release|Any CPU.ActiveCfg = Release|Any CPU
		{A5AAC90F-CFA2-49E9-A930-11A6AB2406B7}.Release|Any CPU.Build.0 = Release|Any CPU
		{4D9139ED-19F6-473B-9B04-CE7C404ECE49}.Debug|Any CPU.ActiveCfg = Debug|Any CPU
		{4D9139ED-19F6-473B-9B04-CE7C404ECE49}.Debug|Any CPU.Build.0 = Debug|Any CPU
		{4D9139ED-19F6-473B-9B04-CE7C404ECE49}.Release|Any CPU.ActiveCfg = Release|Any CPU
		{4D9139ED-19F6-473B-9B04-CE7C404ECE49}.Release|Any CPU.Build.0 = Release|Any CPU
	EndGlobalSection
	GlobalSection(SolutionProperties) = preSolution
		HideSolutionNode = FALSE
	EndGlobalSection
	GlobalSection(ExtensibilityGlobals) = postSolution
		SolutionGuid = {DB30BFC1-9109-4EE4-A6BD-3E81AF95C874}
	EndGlobalSection
EndGlobal
